
Microsoft Visual Studio Solution File, Format Version 12.00
# Visual Studio Version 16
VisualStudioVersion = 16.0.30114.105
MinimumVisualStudioVersion = 10.0.40219.1
Project("{FAE04EC0-301F-11D3-BF4B-00C04F79EFBC}") = "SalesWebMvc", "SalesWebMvc\SalesWebMvc.csproj", "{204E076C-8050-4030-AA94-759338A84927}"
EndProject
Global
	GlobalSection(SolutionConfigurationPlatforms) = preSolution
		Debug|Any CPU = Debug|Any CPU
		Release|Any CPU = Release|Any CPU
	EndGlobalSection
	GlobalSection(ProjectConfigurationPlatforms) = postSolution
		{204E076C-8050-4030-AA94-759338A84927}.Debug|Any CPU.ActiveCfg = Debug|Any CPU
		{204E076C-8050-4030-AA94-759338A84927}.Debug|Any CPU.Build.0 = Debug|Any CPU
		{204E076C-8050-4030-AA94-759338A84927}.Release|Any CPU.ActiveCfg = Release|Any CPU
		{204E076C-8050-4030-AA94-759338A84927}.Release|Any CPU.Build.0 = Release|Any CPU
	EndGlobalSection
	GlobalSection(SolutionProperties) = preSolution
		HideSolutionNode = FALSE
	EndGlobalSection
	GlobalSection(ExtensibilityGlobals) = postSolution
		SolutionGuid = {1AE0A5E5-37BE-48D9-99BD-36D8BB4DFF9C}
	EndGlobalSection
EndGlobal
